<?xml version="1.0" encoding="UTF-8"?>
<Project ToolsVersion="4.0" xmlns="http://schemas.microsoft.com/developer/msbuild/2003">
  <ItemGroup>
    <ClCompile Include="..\Cmake\MainFrm.cpp">
      <Filter>Source Files</Filter>
    </ClCompile>
    <ClCompile Include="..\Cmake\stdafx.cpp">
      <Filter>Source Files</Filter>
    </ClCompile>
    <ClCompile Include="..\Cmake\vtkSDI.cpp">
      <Filter>Source Files</Filter>
    </ClCompile>
    <ClCompile Include="..\Cmake\vtkSDIDoc.cpp">
      <Filter>Source Files</Filter>
    </ClCompile>
    <ClCompile Include="..\Cmake\vtkSDIView.cpp">
      <Filter>Source Files</Filter>
    </ClCompile>
    <ClCompile Include="..\Cmake\ResampleDialog.cpp">
      <Filter>Source Files</Filter>
    </ClCompile>
  </ItemGroup>
  <ItemGroup>
    <ClInclude Include="..\Cmake\MainFrm.h">
      <Filter>Header Files</Filter>
    </ClInclude>
    <ClInclude Include="..\Cmake\stdafx.h">
      <Filter>Header Files</Filter>
    </ClInclude>
    <ClInclude Include="..\Cmake\vtkSDI.h">
      <Filter>Header Files</Filter>
    </ClInclude>
    <ClInclude Include="..\Cmake\vtkSDIDoc.h">
      <Filter>Header Files</Filter>
    </ClInclude>
    <ClInclude Include="..\Cmake\vtkSDIView.h">
      <Filter>Header Files</Filter>
    </ClInclude>
    <ClInclude Include="..\Cmake\ResampleDialog.h">
      <Filter>Header Files</Filter>
    </ClInclude>
    <ClInclude Include="..\Cmake\targetver.h">
      <Filter>Header Files</Filter>
    </ClInclude>
    <ClInclude Include="..\Cmake\Resource.h">
      <Filter>Header Files</Filter>
    </ClInclude>
  </ItemGroup>
  <ItemGroup>
    <CustomBuild Include="..\Cmake\CMakeLists.txt" />
  </ItemGroup>
  <ItemGroup>
    <None Include="..\Cmake\res\vtkSDI.rc2" />
    <None Include="..\Cmake\res\vtkSDI.ico" />
    <None Include="..\Cmake\res\vtkSDIDoc.ico" />
    <None Include="..\Cmake\res\Toolbar.bmp" />
    <None Include="..\Cmake\res\Toolbar256.bmp" />
  </ItemGroup>
  <ItemGroup>
    <ResourceCompile Include="..\Cmake\vtkSDI.rc">
      <Filter>Source Files</Filter>
    </ResourceCompile>
  </ItemGroup>
  <ItemGroup>
    <Filter Include="Source Files">
      <UniqueIdentifier>{F20281A2-5BD0-3126-BAD6-85BD490F274F}</UniqueIdentifier>
    </Filter>
    <Filter Include="Header Files">
      <UniqueIdentifier>{340E061A-51AD-3992-9391-4CCA2536976A}</UniqueIdentifier>
    </Filter>
  </ItemGroup>
</Project>
