<?xml version="1.0" encoding="UTF-8"?>
<Project ToolsVersion="4.0" xmlns="http://schemas.microsoft.com/developer/msbuild/2003">
  <ItemGroup>
    <ClCompile Include="..\CMAKE\stdafx.cpp">
      <Filter>Source Files</Filter>
    </ClCompile>
    <ClCompile Include="..\CMAKE\vtkDialog.cpp">
      <Filter>Source Files</Filter>
    </ClCompile>
    <ClCompile Include="..\CMAKE\vtkDialogDlg.cpp">
      <Filter>Source Files</Filter>
    </ClCompile>
    <ClCompile Include="..\CMAKE\VtkView.cpp">
      <Filter>Source Files</Filter>
    </ClCompile>
    <ClCompile Include="..\CMAKE\vtkView3D.cpp">
      <Filter>Source Files</Filter>
    </ClCompile>
  </ItemGroup>
  <ItemGroup>
    <ClInclude Include="..\CMAKE\stdafx.h">
      <Filter>Header Files</Filter>
    </ClInclude>
    <ClInclude Include="..\CMAKE\vtkDialog.h">
      <Filter>Header Files</Filter>
    </ClInclude>
    <ClInclude Include="..\CMAKE\vtkDialogDlg.h">
      <Filter>Header Files</Filter>
    </ClInclude>
    <ClInclude Include="..\CMAKE\VtkView.h">
      <Filter>Header Files</Filter>
    </ClInclude>
    <ClInclude Include="..\CMAKE\vtkView3D.h">
      <Filter>Header Files</Filter>
    </ClInclude>
    <ClInclude Include="..\CMAKE\targetver.h">
      <Filter>Header Files</Filter>
    </ClInclude>
    <ClInclude Include="..\CMAKE\resource.h">
      <Filter>Header Files</Filter>
    </ClInclude>
  </ItemGroup>
  <ItemGroup>
    <CustomBuild Include="..\CMAKE\CMakeLists.txt" />
  </ItemGroup>
  <ItemGroup>
    <None Include="..\CMAKE\res\vtkDialog.rc2" />
    <None Include="..\CMAKE\res\vtkDialog.ico" />
  </ItemGroup>
  <ItemGroup>
    <ResourceCompile Include="..\CMAKE\vtkDialog.rc">
      <Filter>Source Files</Filter>
    </ResourceCompile>
  </ItemGroup>
  <ItemGroup>
    <Filter Include="Source Files">
      <UniqueIdentifier>{3C2316AE-B870-30F8-8291-8C4982567AFA}</UniqueIdentifier>
    </Filter>
    <Filter Include="Header Files">
      <UniqueIdentifier>{19FE45DC-C42A-3D0A-A956-66EF0217A99F}</UniqueIdentifier>
    </Filter>
  </ItemGroup>
</Project>
